
Microsoft Visual Studio Solution File, Format Version 12.00
# Visual Studio 15
VisualStudioVersion = 15.0.28307.168
MinimumVisualStudioVersion = 10.0.40219.1
Project("{FAE04EC0-301F-11D3-BF4B-00C04F79EFBC}") = "MantyHallProblemSim", "MantyHallProblemSim\MantyHallProblemSim.csproj", "{676D69A7-5D4C-41DF-84D6-2B85EAACA000}"
EndProject
Global
	GlobalSection(SolutionConfigurationPlatforms) = preSolution
		Debug|Any CPU = Debug|Any CPU
		Release|Any CPU = Release|Any CPU
	EndGlobalSection
	GlobalSection(ProjectConfigurationPlatforms) = postSolution
		{676D69A7-5D4C-41DF-84D6-2B85EAACA000}.Debug|Any CPU.ActiveCfg = Debug|Any CPU
		{676D69A7-5D4C-41DF-84D6-2B85EAACA000}.Debug|Any CPU.Build.0 = Debug|Any CPU
		{676D69A7-5D4C-41DF-84D6-2B85EAACA000}.Release|Any CPU.ActiveCfg = Release|Any CPU
		{676D69A7-5D4C-41DF-84D6-2B85EAACA000}.Release|Any CPU.Build.0 = Release|Any CPU
	EndGlobalSection
	GlobalSection(SolutionProperties) = preSolution
		HideSolutionNode = FALSE
	EndGlobalSection
	GlobalSection(ExtensibilityGlobals) = postSolution
		SolutionGuid = {3691916D-52FD-4FC6-8A4F-7E65F846E8BB}
	EndGlobalSection
EndGlobal
